
Microsoft Visual Studio Solution File, Format Version 10.00
# Visual Studio 2008
Project("{2150E333-8FDC-42A3-9474-1A3956D46DE8}") = "scripts", "scripts", "{998F6E58-8AB5-43AA-BE04-BC11E28A5456}"
	ProjectSection(SolutionItems) = preProject
		go.cmd = go.cmd
		satay.msbuild = satay.msbuild
	EndProjectSection
EndProject
Project("{FAE04EC0-301F-11D3-BF4B-00C04F79EFBC}") = "Specifications", "src\Specifications\Specifications.csproj", "{CA76215F-220A-4A33-AC6B-DF6397F76A6E}"
EndProject
Project("{FAE04EC0-301F-11D3-BF4B-00C04F79EFBC}") = "Infrastructure", "src\Infrastructure\Infrastructure.csproj", "{A9D4E23C-D973-4A11-ACA6-27672D6A7A39}"
EndProject
Project("{FAE04EC0-301F-11D3-BF4B-00C04F79EFBC}") = "Infrastructure.Test", "src\Infrastructure.Test\Infrastructure.Test.csproj", "{234230CB-C823-4E7F-BA10-7D763E2CABED}"
EndProject
Global
	GlobalSection(SolutionConfigurationPlatforms) = preSolution
		Debug|Any CPU = Debug|Any CPU
		Release|Any CPU = Release|Any CPU
	EndGlobalSection
	GlobalSection(ProjectConfigurationPlatforms) = postSolution
		{CA76215F-220A-4A33-AC6B-DF6397F76A6E}.Debug|Any CPU.ActiveCfg = Debug|Any CPU
		{CA76215F-220A-4A33-AC6B-DF6397F76A6E}.Debug|Any CPU.Build.0 = Debug|Any CPU
		{CA76215F-220A-4A33-AC6B-DF6397F76A6E}.Release|Any CPU.ActiveCfg = Release|Any CPU
		{CA76215F-220A-4A33-AC6B-DF6397F76A6E}.Release|Any CPU.Build.0 = Release|Any CPU
		{A9D4E23C-D973-4A11-ACA6-27672D6A7A39}.Debug|Any CPU.ActiveCfg = Debug|Any CPU
		{A9D4E23C-D973-4A11-ACA6-27672D6A7A39}.Debug|Any CPU.Build.0 = Debug|Any CPU
		{A9D4E23C-D973-4A11-ACA6-27672D6A7A39}.Release|Any CPU.ActiveCfg = Release|Any CPU
		{A9D4E23C-D973-4A11-ACA6-27672D6A7A39}.Release|Any CPU.Build.0 = Release|Any CPU
		{234230CB-C823-4E7F-BA10-7D763E2CABED}.Debug|Any CPU.ActiveCfg = Debug|Any CPU
		{234230CB-C823-4E7F-BA10-7D763E2CABED}.Debug|Any CPU.Build.0 = Debug|Any CPU
		{234230CB-C823-4E7F-BA10-7D763E2CABED}.Release|Any CPU.ActiveCfg = Release|Any CPU
		{234230CB-C823-4E7F-BA10-7D763E2CABED}.Release|Any CPU.Build.0 = Release|Any CPU
	EndGlobalSection
	GlobalSection(SolutionProperties) = preSolution
		HideSolutionNode = FALSE
	EndGlobalSection
EndGlobal
